
Microsoft Visual Studio Solution File, Format Version 12.00
# Visual Studio Version 17
VisualStudioVersion = 17.11.35312.102
MinimumVisualStudioVersion = 10.0.40219.1
Project("{FAE04EC0-301F-11D3-BF4B-00C04F79EFBC}") = "TwitchStreamingApp.Android", "TwitchStreamingApp\TwitchStreamingApp.Android\TwitchStreamingApp.Android.csproj", "{C662819A-346A-4518-8145-B9CE33E3D332}"
EndProject
Project("{FAE04EC0-301F-11D3-BF4B-00C04F79EFBC}") = "TwitchStreamingApp.iOS", "TwitchStreamingApp\TwitchStreamingApp.iOS\TwitchStreamingApp.iOS.csproj", "{488A9977-7CA5-4E82-B7EE-F8890D001906}"
EndProject
Project("{FAE04EC0-301F-11D3-BF4B-00C04F79EFBC}") = "TwitchStreamingApp", "TwitchStreamingApp\TwitchStreamingApp\TwitchStreamingApp.csproj", "{2AEB4FC8-6835-4D55-B912-6AEEDA31E950}"
EndProject
Global
	GlobalSection(SolutionConfigurationPlatforms) = preSolution
		Debug|Any CPU = Debug|Any CPU
		Debug|iPhone = Debug|iPhone
		Debug|iPhoneSimulator = Debug|iPhoneSimulator
		Release|Any CPU = Release|Any CPU
		Release|iPhone = Release|iPhone
		Release|iPhoneSimulator = Release|iPhoneSimulator
	EndGlobalSection
	GlobalSection(ProjectConfigurationPlatforms) = postSolution
		{C662819A-346A-4518-8145-B9CE33E3D332}.Debug|Any CPU.ActiveCfg = Debug|Any CPU
		{C662819A-346A-4518-8145-B9CE33E3D332}.Debug|Any CPU.Build.0 = Debug|Any CPU
		{C662819A-346A-4518-8145-B9CE33E3D332}.Debug|Any CPU.Deploy.0 = Debug|Any CPU
		{C662819A-346A-4518-8145-B9CE33E3D332}.Debug|iPhone.ActiveCfg = Debug|Any CPU
		{C662819A-346A-4518-8145-B9CE33E3D332}.Debug|iPhone.Build.0 = Debug|Any CPU
		{C662819A-346A-4518-8145-B9CE33E3D332}.Debug|iPhone.Deploy.0 = Debug|Any CPU
		{C662819A-346A-4518-8145-B9CE33E3D332}.Debug|iPhoneSimulator.ActiveCfg = Debug|Any CPU
		{C662819A-346A-4518-8145-B9CE33E3D332}.Debug|iPhoneSimulator.Build.0 = Debug|Any CPU
		{C662819A-346A-4518-8145-B9CE33E3D332}.Debug|iPhoneSimulator.Deploy.0 = Debug|Any CPU
		{C662819A-346A-4518-8145-B9CE33E3D332}.Release|Any CPU.ActiveCfg = Release|Any CPU
		{C662819A-346A-4518-8145-B9CE33E3D332}.Release|Any CPU.Build.0 = Release|Any CPU
		{C662819A-346A-4518-8145-B9CE33E3D332}.Release|Any CPU.Deploy.0 = Release|Any CPU
		{C662819A-346A-4518-8145-B9CE33E3D332}.Release|iPhone.ActiveCfg = Release|Any CPU
		{C662819A-346A-4518-8145-B9CE33E3D332}.Release|iPhone.Build.0 = Release|Any CPU
		{C662819A-346A-4518-8145-B9CE33E3D332}.Release|iPhone.Deploy.0 = Release|Any CPU
		{C662819A-346A-4518-8145-B9CE33E3D332}.Release|iPhoneSimulator.ActiveCfg = Release|Any CPU
		{C662819A-346A-4518-8145-B9CE33E3D332}.Release|iPhoneSimulator.Build.0 = Release|Any CPU
		{C662819A-346A-4518-8145-B9CE33E3D332}.Release|iPhoneSimulator.Deploy.0 = Release|Any CPU
		{488A9977-7CA5-4E82-B7EE-F8890D001906}.Debug|Any CPU.ActiveCfg = Debug|iPhone
		{488A9977-7CA5-4E82-B7EE-F8890D001906}.Debug|Any CPU.Build.0 = Debug|iPhone
		{488A9977-7CA5-4E82-B7EE-F8890D001906}.Debug|Any CPU.Deploy.0 = Debug|iPhone
		{488A9977-7CA5-4E82-B7EE-F8890D001906}.Debug|iPhone.ActiveCfg = Debug|iPhone
		{488A9977-7CA5-4E82-B7EE-F8890D001906}.Debug|iPhone.Build.0 = Debug|iPhone
		{488A9977-7CA5-4E82-B7EE-F8890D001906}.Debug|iPhone.Deploy.0 = Debug|iPhone
		{488A9977-7CA5-4E82-B7EE-F8890D001906}.Debug|iPhoneSimulator.ActiveCfg = Debug|iPhoneSimulator
		{488A9977-7CA5-4E82-B7EE-F8890D001906}.Debug|iPhoneSimulator.Build.0 = Debug|iPhoneSimulator
		{488A9977-7CA5-4E82-B7EE-F8890D001906}.Debug|iPhoneSimulator.Deploy.0 = Debug|iPhoneSimulator
		{488A9977-7CA5-4E82-B7EE-F8890D001906}.Release|Any CPU.ActiveCfg = Release|iPhoneSimulator
		{488A9977-7CA5-4E82-B7EE-F8890D001906}.Release|Any CPU.Build.0 = Release|iPhoneSimulator
		{488A9977-7CA5-4E82-B7EE-F8890D001906}.Release|Any CPU.Deploy.0 = Release|iPhoneSimulator
		{488A9977-7CA5-4E82-B7EE-F8890D001906}.Release|iPhone.ActiveCfg = Release|iPhone
		{488A9977-7CA5-4E82-B7EE-F8890D001906}.Release|iPhone.Build.0 = Release|iPhone
		{488A9977-7CA5-4E82-B7EE-F8890D001906}.Release|iPhone.Deploy.0 = Release|iPhone
		{488A9977-7CA5-4E82-B7EE-F8890D001906}.Release|iPhoneSimulator.ActiveCfg = Release|iPhoneSimulator
		{488A9977-7CA5-4E82-B7EE-F8890D001906}.Release|iPhoneSimulator.Build.0 = Release|iPhoneSimulator
		{488A9977-7CA5-4E82-B7EE-F8890D001906}.Release|iPhoneSimulator.Deploy.0 = Release|iPhoneSimulator
		{2AEB4FC8-6835-4D55-B912-6AEEDA31E950}.Debug|Any CPU.ActiveCfg = Debug|Any CPU
		{2AEB4FC8-6835-4D55-B912-6AEEDA31E950}.Debug|Any CPU.Build.0 = Debug|Any CPU
		{2AEB4FC8-6835-4D55-B912-6AEEDA31E950}.Debug|Any CPU.Deploy.0 = Debug|Any CPU
		{2AEB4FC8-6835-4D55-B912-6AEEDA31E950}.Debug|iPhone.ActiveCfg = Debug|Any CPU
		{2AEB4FC8-6835-4D55-B912-6AEEDA31E950}.Debug|iPhone.Build.0 = Debug|Any CPU
		{2AEB4FC8-6835-4D55-B912-6AEEDA31E950}.Debug|iPhone.Deploy.0 = Debug|Any CPU
		{2AEB4FC8-6835-4D55-B912-6AEEDA31E950}.Debug|iPhoneSimulator.ActiveCfg = Debug|Any CPU
		{2AEB4FC8-6835-4D55-B912-6AEEDA31E950}.Debug|iPhoneSimulator.Build.0 = Debug|Any CPU
		{2AEB4FC8-6835-4D55-B912-6AEEDA31E950}.Debug|iPhoneSimulator.Deploy.0 = Debug|Any CPU
		{2AEB4FC8-6835-4D55-B912-6AEEDA31E950}.Release|Any CPU.ActiveCfg = Release|Any CPU
		{2AEB4FC8-6835-4D55-B912-6AEEDA31E950}.Release|Any CPU.Build.0 = Release|Any CPU
		{2AEB4FC8-6835-4D55-B912-6AEEDA31E950}.Release|Any CPU.Deploy.0 = Release|Any CPU
		{2AEB4FC8-6835-4D55-B912-6AEEDA31E950}.Release|iPhone.ActiveCfg = Release|Any CPU
		{2AEB4FC8-6835-4D55-B912-6AEEDA31E950}.Release|iPhone.Build.0 = Release|Any CPU
		{2AEB4FC8-6835-4D55-B912-6AEEDA31E950}.Release|iPhone.Deploy.0 = Release|Any CPU
		{2AEB4FC8-6835-4D55-B912-6AEEDA31E950}.Release|iPhoneSimulator.ActiveCfg = Release|Any CPU
		{2AEB4FC8-6835-4D55-B912-6AEEDA31E950}.Release|iPhoneSimulator.Build.0 = Release|Any CPU
		{2AEB4FC8-6835-4D55-B912-6AEEDA31E950}.Release|iPhoneSimulator.Deploy.0 = Release|Any CPU
	EndGlobalSection
	GlobalSection(SolutionProperties) = preSolution
		HideSolutionNode = FALSE
	EndGlobalSection
	GlobalSection(ExtensibilityGlobals) = postSolution
		SolutionGuid = {B648667D-0ADD-4928-BEA8-F85D6C9DCAEC}
	EndGlobalSection
EndGlobal
